// !$*UTF8*$!
{
	archiveVersion = 1;
	classes = {
	};
	objectVersion = 46;
	objects = {

/* Begin PBXBuildFile section */
		0CAD2A5B1E70412309BCBF0A /* Main.storyboard in Sources */ = {isa = PBXBuildFile; fileRef = 7B672D02E009FACA9443672F /* Main.storyboard */; };
		1F421DD4DF6D58BD38FBBEE6 /* LaunchScreen.xib in Sources */ = {isa = PBXBuildFile; fileRef = 963BBDC23CC255E1711D5318 /* LaunchScreen.xib */; };
		231FC63005138F9B410FF8A6 /* Images.xcassets in Resources */ = {isa = PBXBuildFile; fileRef = BE9431A77FE8FA0C63C584FB /* Images.xcassets */; };
		6901C4741E36F92830B5BEA5 /* main.m in Sources */ = {isa = PBXBuildFile; fileRef = 28CF10B4E0DA055CD652D35E /* main.m */; };
		C22806AF1A5BC53600508C8B /* AppDelegate.m in Sources */ = {isa = PBXBuildFile; fileRef = C22806AE1A5BC53600508C8B /* AppDelegate.m */; };
		C22806B21A5BC5D900508C8B /* CoreDataController.m in Sources */ = {isa = PBXBuildFile; fileRef = C22806B11A5BC5D900508C8B /* CoreDataController.m */; };
		C22806B51A5BC75A00508C8B /* Example.xcdatamodeld in Sources */ = {isa = PBXBuildFile; fileRef = C22806B31A5BC75A00508C8B /* Example.xcdatamodeld */; };
		C22806B81A5BC79400508C8B /* Thing.m in Sources */ = {isa = PBXBuildFile; fileRef = C22806B71A5BC79400508C8B /* Thing.m */; };
		C22806BB1A5BC8C800508C8B /* KSURLValueTransformer.m in Sources */ = {isa = PBXBuildFile; fileRef = C22806BA1A5BC8C800508C8B /* KSURLValueTransformer.m */; };
		C22806BE1A5BC91300508C8B /* KSURLValueTransformerTests.m in Sources */ = {isa = PBXBuildFile; fileRef = C22806BD1A5BC91300508C8B /* KSURLValueTransformerTests.m */; };
/* End PBXBuildFile section */

/* Begin PBXContainerItemProxy section */
		3D6F74347C59967605153A61 /* PBXContainerItemProxy */ = {
			isa = PBXContainerItemProxy;
			containerPortal = 3E094B9DA041465DCD072E33 /* Project object */;
			proxyType = 1;
			remoteGlobalIDString = 4EC952A5A068274F056C4859;
			remoteInfo = Example;
		};
/* End PBXContainerItemProxy section */

/* Begin PBXFileReference section */
		0C581DF933314018301DE1BB /* Example-Prefix.pch */ = {isa = PBXFileReference; includeInIndex = 1; lastKnownFileType = sourcecode.c.h; path = "Example-Prefix.pch"; sourceTree = "<group>"; };
		28CF10B4E0DA055CD652D35E /* main.m */ = {isa = PBXFileReference; includeInIndex = 1; lastKnownFileType = sourcecode.c.objc; path = main.m; sourceTree = "<group>"; };
		2CF1521A6BDD45E0F7F4BE7C /* Info.plist */ = {isa = PBXFileReference; includeInIndex = 1; lastKnownFileType = text.plist.xml; path = Info.plist; sourceTree = "<group>"; };
		33A8114C725CA4E6147176E6 /* UnitTests.xctest */ = {isa = PBXFileReference; explicitFileType = wrapper.cfbundle; includeInIndex = 0; path = UnitTests.xctest; sourceTree = BUILT_PRODUCTS_DIR; };
		5F7E5F0C98CE9E91FB9AD801 /* UnitTests-Prefix.pch */ = {isa = PBXFileReference; includeInIndex = 1; lastKnownFileType = sourcecode.c.h; path = "UnitTests-Prefix.pch"; sourceTree = "<group>"; };
		7B672D02E009FACA9443672F /* Main.storyboard */ = {isa = PBXFileReference; includeInIndex = 1; lastKnownFileType = file.storyboard; path = Main.storyboard; sourceTree = "<group>"; };
		963BBDC23CC255E1711D5318 /* LaunchScreen.xib */ = {isa = PBXFileReference; includeInIndex = 1; lastKnownFileType = file.xib; path = LaunchScreen.xib; sourceTree = "<group>"; };
		BE9431A77FE8FA0C63C584FB /* Images.xcassets */ = {isa = PBXFileReference; includeInIndex = 1; lastKnownFileType = folder.assetcatalog; path = Images.xcassets; sourceTree = "<group>"; };
		C22806AD1A5BC53600508C8B /* AppDelegate.h */ = {isa = PBXFileReference; fileEncoding = 4; lastKnownFileType = sourcecode.c.h; path = AppDelegate.h; sourceTree = "<group>"; };
		C22806AE1A5BC53600508C8B /* AppDelegate.m */ = {isa = PBXFileReference; fileEncoding = 4; lastKnownFileType = sourcecode.c.objc; path = AppDelegate.m; sourceTree = "<group>"; };
		C22806B01A5BC5D900508C8B /* CoreDataController.h */ = {isa = PBXFileReference; fileEncoding = 4; lastKnownFileType = sourcecode.c.h; path = CoreDataController.h; sourceTree = "<group>"; };
		C22806B11A5BC5D900508C8B /* CoreDataController.m */ = {isa = PBXFileReference; fileEncoding = 4; lastKnownFileType = sourcecode.c.objc; path = CoreDataController.m; sourceTree = "<group>"; };
		C22806B41A5BC75A00508C8B /* Example.xcdatamodel */ = {isa = PBXFileReference; lastKnownFileType = wrapper.xcdatamodel; path = Example.xcdatamodel; sourceTree = "<group>"; };
		C22806B61A5BC79400508C8B /* Thing.h */ = {isa = PBXFileReference; fileEncoding = 4; lastKnownFileType = sourcecode.c.h; path = Thing.h; sourceTree = "<group>"; };
		C22806B71A5BC79400508C8B /* Thing.m */ = {isa = PBXFileReference; fileEncoding = 4; lastKnownFileType = sourcecode.c.objc; path = Thing.m; sourceTree = "<group>"; };
		C22806B91A5BC8C800508C8B /* KSURLValueTransformer.h */ = {isa = PBXFileReference; fileEncoding = 4; lastKnownFileType = sourcecode.c.h; name = KSURLValueTransformer.h; path = ../KSURLValueTransformer.h; sourceTree = "<group>"; };
		C22806BA1A5BC8C800508C8B /* KSURLValueTransformer.m */ = {isa = PBXFileReference; fileEncoding = 4; lastKnownFileType = sourcecode.c.objc; name = KSURLValueTransformer.m; path = ../KSURLValueTransformer.m; sourceTree = "<group>"; };
		C22806BD1A5BC91300508C8B /* KSURLValueTransformerTests.m */ = {isa = PBXFileReference; fileEncoding = 4; lastKnownFileType = sourcecode.c.objc; path = KSURLValueTransformerTests.m; sourceTree = "<group>"; };
		D8D8F5D0232470AC4BDDEF53 /* UnitTests-Info.plist */ = {isa = PBXFileReference; includeInIndex = 1; lastKnownFileType = text.plist.xml; path = "UnitTests-Info.plist"; sourceTree = "<group>"; };
		E315425E38DA0EBCB792B7AC /* Example.app */ = {isa = PBXFileReference; explicitFileType = wrapper.application; includeInIndex = 0; path = Example.app; sourceTree = BUILT_PRODUCTS_DIR; };
/* End PBXFileReference section */

/* Begin PBXFrameworksBuildPhase section */
		0FB7D33E94F44F9524AB567E /* Frameworks */ = {
			isa = PBXFrameworksBuildPhase;
			buildActionMask = 2147483647;
			files = (
			);
			runOnlyForDeploymentPostprocessing = 0;
		};
		D22440075901C9D89C8D32AD /* Frameworks */ = {
			isa = PBXFrameworksBuildPhase;
			buildActionMask = 2147483647;
			files = (
			);
			runOnlyForDeploymentPostprocessing = 0;
		};
/* End PBXFrameworksBuildPhase section */

/* Begin PBXGroup section */
		088C555D793CE7E528311773 /* Nibs */ = {
			isa = PBXGroup;
			children = (
				963BBDC23CC255E1711D5318 /* LaunchScreen.xib */,
			);
			path = Nibs;
			sourceTree = "<group>";
		};
		3206BB91A578BADACC3CBB54 /* Example */ = {
			isa = PBXGroup;
			children = (
				C22806AD1A5BC53600508C8B /* AppDelegate.h */,
				C22806AE1A5BC53600508C8B /* AppDelegate.m */,
				C22806B01A5BC5D900508C8B /* CoreDataController.h */,
				C22806B11A5BC5D900508C8B /* CoreDataController.m */,
				C22806B61A5BC79400508C8B /* Thing.h */,
				C22806B71A5BC79400508C8B /* Thing.m */,
			);
			path = Example;
			sourceTree = "<group>";
		};
		44F004A123D09F8DA0987775 = {
			isa = PBXGroup;
			children = (
				C22806B91A5BC8C800508C8B /* KSURLValueTransformer.h */,
				C22806BA1A5BC8C800508C8B /* KSURLValueTransformer.m */,
				3206BB91A578BADACC3CBB54 /* Example */,
				6CFF5F19BBE0D1C5427FC44E /* Resources */,
				902B67FE9694B1C155D5A601 /* UnitTests */,
				545FD40F1DBCB4D447272ECB /* Products */,
			);
			indentWidth = 4;
			sourceTree = "<group>";
			tabWidth = 4;
			usesTabs = 0;
		};
		545FD40F1DBCB4D447272ECB /* Products */ = {
			isa = PBXGroup;
			children = (
				E315425E38DA0EBCB792B7AC /* Example.app */,
				33A8114C725CA4E6147176E6 /* UnitTests.xctest */,
			);
			name = Products;
			sourceTree = "<group>";
		};
		6CFF5F19BBE0D1C5427FC44E /* Resources */ = {
			isa = PBXGroup;
			children = (
				BE9431A77FE8FA0C63C584FB /* Images.xcassets */,
				7CF7FB90D6ED7FAB782A92CE /* Storyboards */,
				088C555D793CE7E528311773 /* Nibs */,
				90E402183E98DE023F963C77 /* Other-Sources */,
			);
			path = Resources;
			sourceTree = "<group>";
		};
		7CF7FB90D6ED7FAB782A92CE /* Storyboards */ = {
			isa = PBXGroup;
			children = (
				7B672D02E009FACA9443672F /* Main.storyboard */,
			);
			path = Storyboards;
			sourceTree = "<group>";
		};
		902B67FE9694B1C155D5A601 /* UnitTests */ = {
			isa = PBXGroup;
			children = (
				CCD5AF7A5E5BBFF38D568928 /* Resources */,
				C22806BC1A5BC8F600508C8B /* Tests */,
			);
			path = UnitTests;
			sourceTree = "<group>";
		};
		90E402183E98DE023F963C77 /* Other-Sources */ = {
			isa = PBXGroup;
			children = (
				0C581DF933314018301DE1BB /* Example-Prefix.pch */,
				C22806B31A5BC75A00508C8B /* Example.xcdatamodeld */,
				2CF1521A6BDD45E0F7F4BE7C /* Info.plist */,
				28CF10B4E0DA055CD652D35E /* main.m */,
			);
			path = "Other-Sources";
			sourceTree = "<group>";
		};
		C22806BC1A5BC8F600508C8B /* Tests */ = {
			isa = PBXGroup;
			children = (
				C22806BD1A5BC91300508C8B /* KSURLValueTransformerTests.m */,
			);
			name = Tests;
			path = UnitTests/Tests;
			sourceTree = SOURCE_ROOT;
		};
		CCD5AF7A5E5BBFF38D568928 /* Resources */ = {
			isa = PBXGroup;
			children = (
				D8D8F5D0232470AC4BDDEF53 /* UnitTests-Info.plist */,
				5F7E5F0C98CE9E91FB9AD801 /* UnitTests-Prefix.pch */,
			);
			path = Resources;
			sourceTree = "<group>";
		};
/* End PBXGroup section */

/* Begin PBXNativeTarget section */
		36C8112810C8AE3531F50A4D /* UnitTests */ = {
			isa = PBXNativeTarget;
			buildConfigurationList = 2F9363C988DE991918393E72 /* Build configuration list for PBXNativeTarget "UnitTests" */;
			buildPhases = (
				7E70B45D71AB16AE508E6236 /* Sources */,
				0FB7D33E94F44F9524AB567E /* Frameworks */,
				E7224E889BB3A3B71EFC0F2A /* Resources */,
			);
			buildRules = (
			);
			dependencies = (
				9BE981BB995F7607776B1AA1 /* PBXTargetDependency */,
			);
			name = UnitTests;
			productName = UnitTests;
			productReference = 33A8114C725CA4E6147176E6 /* UnitTests.xctest */;
			productType = "com.apple.product-type.bundle.unit-test";
		};
		4EC952A5A068274F056C4859 /* Example */ = {
			isa = PBXNativeTarget;
			buildConfigurationList = 30A30AE66F08E05B38E1DCEF /* Build configuration list for PBXNativeTarget "Example" */;
			buildPhases = (
				DF5CDB05D4B63E7FAA45F05F /* Sources */,
				D22440075901C9D89C8D32AD /* Frameworks */,
				5E98CDF5E490EB2A99A49DA5 /* Resources */,
				DC82289287BE605CCA40F450 /* Warn for TODO and FIXME comments */,
			);
			buildRules = (
			);
			dependencies = (
			);
			name = Example;
			productName = Example;
			productReference = E315425E38DA0EBCB792B7AC /* Example.app */;
			productType = "com.apple.product-type.application";
		};
/* End PBXNativeTarget section */

/* Begin PBXProject section */
		3E094B9DA041465DCD072E33 /* Project object */ = {
			isa = PBXProject;
			attributes = {
				CLASSPREFIX = "";
				LastUpgradeCheck = 0510;
				ORGANIZATIONNAME = smileykeith;
			};
			buildConfigurationList = 25D935939E7A8F2C40310E1C /* Build configuration list for PBXProject "Example" */;
			compatibilityVersion = "Xcode 3.2";
			developmentRegion = English;
			hasScannedForEncodings = 0;
			knownRegions = (
				en,
			);
			mainGroup = 44F004A123D09F8DA0987775;
			productRefGroup = 545FD40F1DBCB4D447272ECB /* Products */;
			projectDirPath = "";
			projectRoot = "";
			targets = (
				4EC952A5A068274F056C4859 /* Example */,
				36C8112810C8AE3531F50A4D /* UnitTests */,
			);
		};
/* End PBXProject section */

/* Begin PBXResourcesBuildPhase section */
		5E98CDF5E490EB2A99A49DA5 /* Resources */ = {
			isa = PBXResourcesBuildPhase;
			buildActionMask = 2147483647;
			files = (
				231FC63005138F9B410FF8A6 /* Images.xcassets in Resources */,
			);
			runOnlyForDeploymentPostprocessing = 0;
		};
		E7224E889BB3A3B71EFC0F2A /* Resources */ = {
			isa = PBXResourcesBuildPhase;
			buildActionMask = 2147483647;
			files = (
			);
			runOnlyForDeploymentPostprocessing = 0;
		};
/* End PBXResourcesBuildPhase section */

/* Begin PBXShellScriptBuildPhase section */
		DC82289287BE605CCA40F450 /* Warn for TODO and FIXME comments */ = {
			isa = PBXShellScriptBuildPhase;
			buildActionMask = 2147483647;
			files = (
			);
			inputPaths = (
			);
			name = "Warn for TODO and FIXME comments";
			outputPaths = (
			);
			runOnlyForDeploymentPostprocessing = 0;
			shellPath = /bin/sh;
			shellScript = "KEYWORDS=\"TODO:|FIXME:|\\?\\?\\?:|\\!\\!\\!:\"\nFILE_EXTENSIONS=\"h|m|mm|c|cpp\"\nfind -E \"${SRCROOT}\" -ipath \"${SRCROOT}/pods\" -prune -o \\( -regex \".*\\.($FILE_EXTENSIONS)$\" \\) -print0 | xargs -0 egrep --with-filename --line-number --only-matching \"($KEYWORDS).*\\$\" | perl -p -e \"s/($KEYWORDS)/ warning: \\$1/\"\n";
		};
/* End PBXShellScriptBuildPhase section */

/* Begin PBXSourcesBuildPhase section */
		7E70B45D71AB16AE508E6236 /* Sources */ = {
			isa = PBXSourcesBuildPhase;
			buildActionMask = 2147483647;
			files = (
				C22806BE1A5BC91300508C8B /* KSURLValueTransformerTests.m in Sources */,
			);
			runOnlyForDeploymentPostprocessing = 0;
		};
		DF5CDB05D4B63E7FAA45F05F /* Sources */ = {
			isa = PBXSourcesBuildPhase;
			buildActionMask = 2147483647;
			files = (
				C22806AF1A5BC53600508C8B /* AppDelegate.m in Sources */,
				C22806B21A5BC5D900508C8B /* CoreDataController.m in Sources */,
				0CAD2A5B1E70412309BCBF0A /* Main.storyboard in Sources */,
				C22806BB1A5BC8C800508C8B /* KSURLValueTransformer.m in Sources */,
				C22806B81A5BC79400508C8B /* Thing.m in Sources */,
				1F421DD4DF6D58BD38FBBEE6 /* LaunchScreen.xib in Sources */,
				C22806B51A5BC75A00508C8B /* Example.xcdatamodeld in Sources */,
				6901C4741E36F92830B5BEA5 /* main.m in Sources */,
			);
			runOnlyForDeploymentPostprocessing = 0;
		};
/* End PBXSourcesBuildPhase section */

/* Begin PBXTargetDependency section */
		9BE981BB995F7607776B1AA1 /* PBXTargetDependency */ = {
			isa = PBXTargetDependency;
			target = 4EC952A5A068274F056C4859 /* Example */;
			targetProxy = 3D6F74347C59967605153A61 /* PBXContainerItemProxy */;
		};
/* End PBXTargetDependency section */

/* Begin XCBuildConfiguration section */
		144117CEA5EC09CE7C2E5F57 /* Release */ = {
			isa = XCBuildConfiguration;
			buildSettings = {
				ALWAYS_SEARCH_USER_PATHS = NO;
				COPY_PHASE_STRIP = YES;
				DSTROOT = /tmp/xcodeproj.dst;
				GCC_PRECOMPILE_PREFIX_HEADER = YES;
				GCC_PREFIX_HEADER = "Resources/Other-Sources/Example-Prefix.pch";
				GCC_TREAT_WARNINGS_AS_ERRORS = YES;
				INFOPLIST_FILE = "Resources/Other-Sources/Info.plist";
				INSTALL_PATH = "$(BUILT_PRODUCTS_DIR)";
				LD_RUNPATH_SEARCH_PATHS = "$(inherited) @executable_path/Frameworks";
				OTHER_CFLAGS = (
					"-DNS_BLOCK_ASSERTIONS=1",
					"$(inherited)",
				);
				OTHER_CPLUSPLUSFLAGS = (
					"-DNS_BLOCK_ASSERTIONS=1",
					"$(inherited)",
				);
				PRODUCT_NAME = "$(TARGET_NAME)";
				PUBLIC_HEADERS_FOLDER_PATH = "$(TARGET_NAME)";
				SDKROOT = iphoneos;
				VALIDATE_PRODUCT = YES;
			};
			name = Release;
		};
		26AF9FF2156D6F74A7AA5A3D /* Debug */ = {
			isa = XCBuildConfiguration;
			buildSettings = {
				ALWAYS_SEARCH_USER_PATHS = NO;
				COPY_PHASE_STRIP = NO;
				DSTROOT = /tmp/xcodeproj.dst;
				GCC_DYNAMIC_NO_PIC = NO;
				GCC_OPTIMIZATION_LEVEL = 0;
				GCC_PRECOMPILE_PREFIX_HEADER = YES;
				GCC_PREFIX_HEADER = "Resources/Other-Sources/Example-Prefix.pch";
				GCC_PREPROCESSOR_DEFINITIONS = (
					"DEBUG=1",
					"$(inherited)",
				);
				GCC_SYMBOLS_PRIVATE_EXTERN = NO;
				INFOPLIST_FILE = "Resources/Other-Sources/Info.plist";
				INSTALL_PATH = "$(BUILT_PRODUCTS_DIR)";
				LD_RUNPATH_SEARCH_PATHS = "$(inherited) @executable_path/Frameworks";
				PRODUCT_NAME = "$(TARGET_NAME)";
				PUBLIC_HEADERS_FOLDER_PATH = "$(TARGET_NAME)";
				SDKROOT = iphoneos;
			};
			name = Debug;
		};
		2B1D6D7A8BAF34F92A3171DC /* Debug */ = {
			isa = XCBuildConfiguration;
			buildSettings = {
				BUNDLE_LOADER = "$(BUILT_PRODUCTS_DIR)/Example.app/Example";
				FRAMEWORK_SEARCH_PATHS = (
					"$(SDKROOT)/Developer/Library/Frameworks",
					"$(inherited)",
					"$(DEVELOPER_FRAMEWORKS_DIR)",
				);
				GCC_PREFIX_HEADER = "UnitTests/Resources/UnitTests-Prefix.pch";
				INFOPLIST_FILE = "UnitTests/Resources/UnitTests-Info.plist";
				PRODUCT_NAME = "$(TARGET_NAME)";
				SDKROOT = iphoneos;
				SKIP_INSTALL = YES;
				TEST_HOST = "$(BUNDLE_LOADER)";
				WRAPPER_EXTENSION = xctest;
			};
			name = Debug;
		};
		2C43AABFE19E27783D185864 /* Release */ = {
			isa = XCBuildConfiguration;
			buildSettings = {
				ALWAYS_SEARCH_USER_PATHS = NO;
				ASSETCATALOG_COMPILER_APPICON_NAME = AppIcon;
				CLANG_CXX_LANGUAGE_STANDARD = "gnu++0x";
				CLANG_CXX_LIBRARY = "libc++";
				CLANG_ENABLE_MODULES = YES;
				CLANG_ENABLE_OBJC_ARC = YES;
				CLANG_WARN_BOOL_CONVERSION = YES;
				CLANG_WARN_CONSTANT_CONVERSION = YES;
				CLANG_WARN_DEPRECATED_OBJC_IMPLEMENTATIONS = YES;
				CLANG_WARN_DIRECT_OBJC_ISA_USAGE = YES;
				CLANG_WARN_EMPTY_BODY = YES;
				CLANG_WARN_ENUM_CONVERSION = YES;
				CLANG_WARN_IMPLICIT_SIGN_CONVERSION = YES;
				CLANG_WARN_INT_CONVERSION = YES;
				CLANG_WARN_OBJC_IMPLICIT_RETAIN_SELF = YES;
				CLANG_WARN_OBJC_ROOT_CLASS = YES;
				CLANG_WARN_SUSPICIOUS_IMPLICIT_CONVERSION = YES;
				"CODE_SIGN_IDENTITY[sdk=iphoneos*]" = "iPhone Developer";
				COPY_PHASE_STRIP = NO;
				ENABLE_NS_ASSERTIONS = NO;
				GCC_C_LANGUAGE_STANDARD = gnu99;
				GCC_WARN_64_TO_32_BIT_CONVERSION = YES;
				GCC_WARN_ABOUT_DEPRECATED_FUNCTIONS = YES;
				GCC_WARN_ABOUT_MISSING_FIELD_INITIALIZERS = YES;
				GCC_WARN_ABOUT_MISSING_NEWLINE = YES;
				GCC_WARN_ABOUT_RETURN_TYPE = YES;
				GCC_WARN_CHECK_SWITCH_STATEMENTS = YES;
				GCC_WARN_INITIALIZER_NOT_FULLY_BRACKETED = YES;
				GCC_WARN_MISSING_PARENTHESES = YES;
				GCC_WARN_SHADOW = YES;
				GCC_WARN_SIGN_COMPARE = YES;
				GCC_WARN_TYPECHECK_CALLS_TO_PRINTF = YES;
				GCC_WARN_UNDECLARED_SELECTOR = YES;
				GCC_WARN_UNINITIALIZED_AUTOS = YES;
				GCC_WARN_UNUSED_FUNCTION = YES;
				GCC_WARN_UNUSED_LABEL = YES;
				GCC_WARN_UNUSED_VALUE = YES;
				GCC_WARN_UNUSED_VARIABLE = YES;
				IPHONEOS_DEPLOYMENT_TARGET = 8.0;
				RUN_CLANG_STATIC_ANALYZER = YES;
				SDKROOT = iphoneos;
				VALIDATE_PRODUCT = YES;
			};
			name = Release;
		};
		D78C77BF6153502A7328ABD0 /* Release */ = {
			isa = XCBuildConfiguration;
			buildSettings = {
				BUNDLE_LOADER = "$(BUILT_PRODUCTS_DIR)/Example.app/Example";
				FRAMEWORK_SEARCH_PATHS = (
					"$(SDKROOT)/Developer/Library/Frameworks",
					"$(inherited)",
					"$(DEVELOPER_FRAMEWORKS_DIR)",
				);
				GCC_PREFIX_HEADER = "UnitTests/Resources/UnitTests-Prefix.pch";
				INFOPLIST_FILE = "UnitTests/Resources/UnitTests-Info.plist";
				PRODUCT_NAME = "$(TARGET_NAME)";
				SDKROOT = iphoneos;
				SKIP_INSTALL = YES;
				TEST_HOST = "$(BUNDLE_LOADER)";
				WRAPPER_EXTENSION = xctest;
			};
			name = Release;
		};
		E4398819457D9FD659282350 /* Debug */ = {
			isa = XCBuildConfiguration;
			buildSettings = {
				ALWAYS_SEARCH_USER_PATHS = NO;
				ASSETCATALOG_COMPILER_APPICON_NAME = AppIcon;
				CLANG_CXX_LANGUAGE_STANDARD = "gnu++0x";
				CLANG_CXX_LIBRARY = "libc++";
				CLANG_ENABLE_MODULES = YES;
				CLANG_ENABLE_OBJC_ARC = YES;
				CLANG_WARN_BOOL_CONVERSION = YES;
				CLANG_WARN_CONSTANT_CONVERSION = YES;
				CLANG_WARN_DEPRECATED_OBJC_IMPLEMENTATIONS = YES;
				CLANG_WARN_DIRECT_OBJC_ISA_USAGE = YES;
				CLANG_WARN_EMPTY_BODY = YES;
				CLANG_WARN_ENUM_CONVERSION = YES;
				CLANG_WARN_IMPLICIT_SIGN_CONVERSION = YES;
				CLANG_WARN_INT_CONVERSION = YES;
				CLANG_WARN_OBJC_IMPLICIT_RETAIN_SELF = YES;
				CLANG_WARN_OBJC_ROOT_CLASS = YES;
				CLANG_WARN_SUSPICIOUS_IMPLICIT_CONVERSION = YES;
				"CODE_SIGN_IDENTITY[sdk=iphoneos*]" = "iPhone Developer";
				COPY_PHASE_STRIP = YES;
				GCC_C_LANGUAGE_STANDARD = gnu99;
				GCC_DYNAMIC_NO_PIC = NO;
				GCC_OPTIMIZATION_LEVEL = 0;
				GCC_PREPROCESSOR_DEFINITIONS = (
					"DEBUG=1",
					"$(inherited)",
				);
				GCC_SYMBOLS_PRIVATE_EXTERN = NO;
				GCC_WARN_64_TO_32_BIT_CONVERSION = YES;
				GCC_WARN_ABOUT_DEPRECATED_FUNCTIONS = YES;
				GCC_WARN_ABOUT_MISSING_FIELD_INITIALIZERS = YES;
				GCC_WARN_ABOUT_MISSING_NEWLINE = YES;
				GCC_WARN_ABOUT_RETURN_TYPE = YES;
				GCC_WARN_CHECK_SWITCH_STATEMENTS = YES;
				GCC_WARN_INITIALIZER_NOT_FULLY_BRACKETED = YES;
				GCC_WARN_MISSING_PARENTHESES = YES;
				GCC_WARN_SHADOW = YES;
				GCC_WARN_SIGN_COMPARE = YES;
				GCC_WARN_TYPECHECK_CALLS_TO_PRINTF = YES;
				GCC_WARN_UNDECLARED_SELECTOR = YES;
				GCC_WARN_UNINITIALIZED_AUTOS = YES;
				GCC_WARN_UNUSED_FUNCTION = YES;
				GCC_WARN_UNUSED_LABEL = YES;
				GCC_WARN_UNUSED_VALUE = YES;
				GCC_WARN_UNUSED_VARIABLE = YES;
				IPHONEOS_DEPLOYMENT_TARGET = 8.0;
				ONLY_ACTIVE_ARCH = YES;
				RUN_CLANG_STATIC_ANALYZER = YES;
				SDKROOT = iphoneos;
			};
			name = Debug;
		};
/* End XCBuildConfiguration section */

/* Begin XCConfigurationList section */
		25D935939E7A8F2C40310E1C /* Build configuration list for PBXProject "Example" */ = {
			isa = XCConfigurationList;
			buildConfigurations = (
				E4398819457D9FD659282350 /* Debug */,
				2C43AABFE19E27783D185864 /* Release */,
			);
			defaultConfigurationIsVisible = 0;
			defaultConfigurationName = Release;
		};
		2F9363C988DE991918393E72 /* Build configuration list for PBXNativeTarget "UnitTests" */ = {
			isa = XCConfigurationList;
			buildConfigurations = (
				D78C77BF6153502A7328ABD0 /* Release */,
				2B1D6D7A8BAF34F92A3171DC /* Debug */,
			);
			defaultConfigurationIsVisible = 0;
			defaultConfigurationName = Release;
		};
		30A30AE66F08E05B38E1DCEF /* Build configuration list for PBXNativeTarget "Example" */ = {
			isa = XCConfigurationList;
			buildConfigurations = (
				144117CEA5EC09CE7C2E5F57 /* Release */,
				26AF9FF2156D6F74A7AA5A3D /* Debug */,
			);
			defaultConfigurationIsVisible = 0;
			defaultConfigurationName = Release;
		};
/* End XCConfigurationList section */

/* Begin XCVersionGroup section */
		C22806B31A5BC75A00508C8B /* Example.xcdatamodeld */ = {
			isa = XCVersionGroup;
			children = (
				C22806B41A5BC75A00508C8B /* Example.xcdatamodel */,
			);
			currentVersion = C22806B41A5BC75A00508C8B /* Example.xcdatamodel */;
			path = Example.xcdatamodeld;
			sourceTree = "<group>";
			versionGroupType = wrapper.xcdatamodel;
		};
/* End XCVersionGroup section */
	};
	rootObject = 3E094B9DA041465DCD072E33 /* Project object */;
}
